// !$*UTF8*$!
{
	archiveVersion = 1;
	classes = {
	};
	objectVersion = 77;
	objects = {

/* Begin PBXBuildFile section */
		F40364972F1316DE00C794DF /* IBMPlexMono-Medium.ttf in Resources */ = {isa = PBXBuildFile; fileRef = F40364942F1316DE00C794DF /* IBMPlexMono-Medium.ttf */; };
		F40364982F1316DE00C794DF /* Joshfont2-Regular.otf in Resources */ = {isa = PBXBuildFile; fileRef = F40364952F1316DE00C794DF /* Joshfont2-Regular.otf */; };
/* End PBXBuildFile section */

/* Begin PBXContainerItemProxy section */
		F403641E2F12FF3500C794DF /* PBXContainerItemProxy */ = {
			isa = PBXContainerItemProxy;
			containerPortal = F40364082F12FF3300C794DF /* Project object */;
			proxyType = 1;
			remoteGlobalIDString = F403640F2F12FF3300C794DF;
			remoteInfo = fade;
		};
		F40364282F12FF3500C794DF /* PBXContainerItemProxy */ = {
			isa = PBXContainerItemProxy;
			containerPortal = F40364082F12FF3300C794DF /* Project object */;
			proxyType = 1;
			remoteGlobalIDString = F403640F2F12FF3300C794DF;
			remoteInfo = fade;
		};
/* End PBXContainerItemProxy section */

/* Begin PBXFileReference section */
		F40364102F12FF3300C794DF /* fade.app */ = {isa = PBXFileReference; explicitFileType = wrapper.application; includeInIndex = 0; path = fade.app; sourceTree = BUILT_PRODUCTS_DIR; };
		F403641D2F12FF3500C794DF /* fadeTests.xctest */ = {isa = PBXFileReference; explicitFileType = wrapper.cfbundle; includeInIndex = 0; path = fadeTests.xctest; sourceTree = BUILT_PRODUCTS_DIR; };
		F40364272F12FF3500C794DF /* fadeUITests.xctest */ = {isa = PBXFileReference; explicitFileType = wrapper.cfbundle; includeInIndex = 0; path = fadeUITests.xctest; sourceTree = BUILT_PRODUCTS_DIR; };
		F40364942F1316DE00C794DF /* IBMPlexMono-Medium.ttf */ = {isa = PBXFileReference; lastKnownFileType = file; path = "IBMPlexMono-Medium.ttf"; sourceTree = "<group>"; };
		F40364952F1316DE00C794DF /* Joshfont2-Regular.otf */ = {isa = PBXFileReference; lastKnownFileType = file; path = "Joshfont2-Regular.otf"; sourceTree = "<group>"; };
/* End PBXFileReference section */

/* Begin PBXFileSystemSynchronizedRootGroup section */
		F40364122F12FF3300C794DF /* fade */ = {
			isa = PBXFileSystemSynchronizedRootGroup;
			path = fade;
			sourceTree = "<group>";
		};
		F40364202F12FF3500C794DF /* fadeTests */ = {
			isa = PBXFileSystemSynchronizedRootGroup;
			path = fadeTests;
			sourceTree = "<group>";
		};
		F403642A2F12FF3500C794DF /* fadeUITests */ = {
			isa = PBXFileSystemSynchronizedRootGroup;
			path = fadeUITests;
			sourceTree = "<group>";
		};
/* End PBXFileSystemSynchronizedRootGroup section */

/* Begin PBXFrameworksBuildPhase section */
		F403640D2F12FF3300C794DF /* Frameworks */ = {
			isa = PBXFrameworksBuildPhase;
			buildActionMask = 2147483647;
			files = (
			);
			runOnlyForDeploymentPostprocessing = 0;
		};
		F403641A2F12FF3500C794DF /* Frameworks */ = {
			isa = PBXFrameworksBuildPhase;
			buildActionMask = 2147483647;
			files = (
			);
			runOnlyForDeploymentPostprocessing = 0;
		};
		F40364242F12FF3500C794DF /* Frameworks */ = {
			isa = PBXFrameworksBuildPhase;
			buildActionMask = 2147483647;
			files = (
			);
			runOnlyForDeploymentPostprocessing = 0;
		};
/* End PBXFrameworksBuildPhase section */

/* Begin PBXGroup section */
		F40364072F12FF3300C794DF = {
			isa = PBXGroup;
			children = (
				F40364122F12FF3300C794DF /* fade */,
				F40364202F12FF3500C794DF /* fadeTests */,
				F403642A2F12FF3500C794DF /* fadeUITests */,
				F40364112F12FF3300C794DF /* Products */,
				F40364962F1316DE00C794DF /* Fonts */,
			);
			sourceTree = "<group>";
		};
		F40364112F12FF3300C794DF /* Products */ = {
			isa = PBXGroup;
			children = (
				F40364102F12FF3300C794DF /* fade.app */,
				F403641D2F12FF3500C794DF /* fadeTests.xctest */,
				F40364272F12FF3500C794DF /* fadeUITests.xctest */,
			);
			name = Products;
			sourceTree = "<group>";
		};
		F40364962F1316DE00C794DF /* Fonts */ = {
			isa = PBXGroup;
			children = (
				F40364942F1316DE00C794DF /* IBMPlexMono-Medium.ttf */,
				F40364952F1316DE00C794DF /* Joshfont2-Regular.otf */,
			);
			path = Fonts;
			sourceTree = "<group>";
		};
/* End PBXGroup section */

/* Begin PBXNativeTarget section */
		F403640F2F12FF3300C794DF /* fade */ = {
			isa = PBXNativeTarget;
			buildConfigurationList = F40364312F12FF3500C794DF /* Build configuration list for PBXNativeTarget "fade" */;
			buildPhases = (
				F403640C2F12FF3300C794DF /* Sources */,
				F403640D2F12FF3300C794DF /* Frameworks */,
				F403640E2F12FF3300C794DF /* Resources */,
			);
			buildRules = (
			);
			dependencies = (
			);
			fileSystemSynchronizedGroups = (
				F40364122F12FF3300C794DF /* fade */,
			);
			name = fade;
			packageProductDependencies = (
			);
			productName = fade;
			productReference = F40364102F12FF3300C794DF /* fade.app */;
			productType = "com.apple.product-type.application";
		};
		F403641C2F12FF3500C794DF /* fadeTests */ = {
			isa = PBXNativeTarget;
			buildConfigurationList = F40364342F12FF3500C794DF /* Build configuration list for PBXNativeTarget "fadeTests" */;
			buildPhases = (
				F40364192F12FF3500C794DF /* Sources */,
				F403641A2F12FF3500C794DF /* Frameworks */,
				F403641B2F12FF3500C794DF /* Resources */,
			);
			buildRules = (
			);
			dependencies = (
				F403641F2F12FF3500C794DF /* PBXTargetDependency */,
			);
			fileSystemSynchronizedGroups = (
				F40364202F12FF3500C794DF /* fadeTests */,
			);
			name = fadeTests;
			packageProductDependencies = (
			);
			productName = fadeTests;
			productReference = F403641D2F12FF3500C794DF /* fadeTests.xctest */;
			productType = "com.apple.product-type.bundle.unit-test";
		};
		F40364262F12FF3500C794DF /* fadeUITests */ = {
			isa = PBXNativeTarget;
			buildConfigurationList = F40364372F12FF3500C794DF /* Build configuration list for PBXNativeTarget "fadeUITests" */;
			buildPhases = (
				F40364232F12FF3500C794DF /* Sources */,
				F40364242F12FF3500C794DF /* Frameworks */,
				F40364252F12FF3500C794DF /* Resources */,
			);
			buildRules = (
			);
			dependencies = (
				F40364292F12FF3500C794DF /* PBXTargetDependency */,
			);
			fileSystemSynchronizedGroups = (
				F403642A2F12FF3500C794DF /* fadeUITests */,
			);
			name = fadeUITests;
			packageProductDependencies = (
			);
			productName = fadeUITests;
			productReference = F40364272F12FF3500C794DF /* fadeUITests.xctest */;
			productType = "com.apple.product-type.bundle.ui-testing";
		};
/* End PBXNativeTarget section */

/* Begin PBXProject section */
		F40364082F12FF3300C794DF /* Project object */ = {
			isa = PBXProject;
			attributes = {
				BuildIndependentTargetsInParallel = 1;
				LastSwiftUpdateCheck = 1640;
				LastUpgradeCheck = 1640;
				TargetAttributes = {
					F403640F2F12FF3300C794DF = {
						CreatedOnToolsVersion = 16.4;
					};
					F403641C2F12FF3500C794DF = {
						CreatedOnToolsVersion = 16.4;
						TestTargetID = F403640F2F12FF3300C794DF;
					};
					F40364262F12FF3500C794DF = {
						CreatedOnToolsVersion = 16.4;
						TestTargetID = F403640F2F12FF3300C794DF;
					};
				};
			};
			buildConfigurationList = F403640B2F12FF3300C794DF /* Build configuration list for PBXProject "fade" */;
			developmentRegion = en;
			hasScannedForEncodings = 0;
			knownRegions = (
				en,
				Base,
			);
			mainGroup = F40364072F12FF3300C794DF;
			minimizedProjectReferenceProxies = 1;
			preferredProjectObjectVersion = 77;
			productRefGroup = F40364112F12FF3300C794DF /* Products */;
			projectDirPath = "";
			projectRoot = "";
			targets = (
				F403640F2F12FF3300C794DF /* fade */,
				F403641C2F12FF3500C794DF /* fadeTests */,
				F40364262F12FF3500C794DF /* fadeUITests */,
			);
		};
/* End PBXProject section */

/* Begin PBXResourcesBuildPhase section */
		F403640E2F12FF3300C794DF /* Resources */ = {
			isa = PBXResourcesBuildPhase;
			buildActionMask = 2147483647;
			files = (
				F40364972F1316DE00C794DF /* IBMPlexMono-Medium.ttf in Resources */,
				F40364982F1316DE00C794DF /* Joshfont2-Regular.otf in Resources */,
			);
			runOnlyForDeploymentPostprocessing = 0;
		};
		F403641B2F12FF3500C794DF /* Resources */ = {
			isa = PBXResourcesBuildPhase;
			buildActionMask = 2147483647;
			files = (
			);
			runOnlyForDeploymentPostprocessing = 0;
		};
		F40364252F12FF3500C794DF /* Resources */ = {
			isa = PBXResourcesBuildPhase;
			buildActionMask = 2147483647;
			files = (
			);
			runOnlyForDeploymentPostprocessing = 0;
		};
/* End PBXResourcesBuildPhase section */

/* Begin PBXSourcesBuildPhase section */
		F403640C2F12FF3300C794DF /* Sources */ = {
			isa = PBXSourcesBuildPhase;
			buildActionMask = 2147483647;
			files = (
			);
			runOnlyForDeploymentPostprocessing = 0;
		};
		F40364192F12FF3500C794DF /* Sources */ = {
			isa = PBXSourcesBuildPhase;
			buildActionMask = 2147483647;
			files = (
			);
			runOnlyForDeploymentPostprocessing = 0;
		};
		F40364232F12FF3500C794DF /* Sources */ = {
			isa = PBXSourcesBuildPhase;
			buildActionMask = 2147483647;
			files = (
			);
			runOnlyForDeploymentPostprocessing = 0;
		};
/* End PBXSourcesBuildPhase section */

/* Begin PBXTargetDependency section */
		F403641F2F12FF3500C794DF /* PBXTargetDependency */ = {
			isa = PBXTargetDependency;
			target = F403640F2F12FF3300C794DF /* fade */;
			targetProxy = F403641E2F12FF3500C794DF /* PBXContainerItemProxy */;
		};
		F40364292F12FF3500C794DF /* PBXTargetDependency */ = {
			isa = PBXTargetDependency;
			target = F403640F2F12FF3300C794DF /* fade */;
			targetProxy = F40364282F12FF3500C794DF /* PBXContainerItemProxy */;
		};
/* End PBXTargetDependency section */

/* Begin XCBuildConfiguration section */
		F403642F2F12FF3500C794DF /* Debug */ = {
			isa = XCBuildConfiguration;
			buildSettings = {
				ALWAYS_SEARCH_USER_PATHS = NO;
				ASSETCATALOG_COMPILER_GENERATE_SWIFT_ASSET_SYMBOL_EXTENSIONS = YES;
				CLANG_ANALYZER_NONNULL = YES;
				CLANG_ANALYZER_NUMBER_OBJECT_CONVERSION = YES_AGGRESSIVE;
				CLANG_CXX_LANGUAGE_STANDARD = "gnu++20";
				CLANG_ENABLE_MODULES = YES;
				CLANG_ENABLE_OBJC_ARC = YES;
				CLANG_ENABLE_OBJC_WEAK = YES;
				CLANG_WARN_BLOCK_CAPTURE_AUTORELEASING = YES;
				CLANG_WARN_BOOL_CONVERSION = YES;
				CLANG_WARN_COMMA = YES;
				CLANG_WARN_CONSTANT_CONVERSION = YES;
				CLANG_WARN_DEPRECATED_OBJC_IMPLEMENTATIONS = YES;
				CLANG_WARN_DIRECT_OBJC_ISA_USAGE = YES_ERROR;
				CLANG_WARN_DOCUMENTATION_COMMENTS = YES;
				CLANG_WARN_EMPTY_BODY = YES;
				CLANG_WARN_ENUM_CONVERSION = YES;
				CLANG_WARN_INFINITE_RECURSION = YES;
				CLANG_WARN_INT_CONVERSION = YES;
				CLANG_WARN_NON_LITERAL_NULL_CONVERSION = YES;
				CLANG_WARN_OBJC_IMPLICIT_RETAIN_SELF = YES;
				CLANG_WARN_OBJC_LITERAL_CONVERSION = YES;
				CLANG_WARN_OBJC_ROOT_CLASS = YES_ERROR;
				CLANG_WARN_QUOTED_INCLUDE_IN_FRAMEWORK_HEADER = YES;
				CLANG_WARN_RANGE_LOOP_ANALYSIS = YES;
				CLANG_WARN_STRICT_PROTOTYPES = YES;
				CLANG_WARN_SUSPICIOUS_MOVE = YES;
				CLANG_WARN_UNGUARDED_AVAILABILITY = YES_AGGRESSIVE;
				CLANG_WARN_UNREACHABLE_CODE = YES;
				CLANG_WARN__DUPLICATE_METHOD_MATCH = YES;
				COPY_PHASE_STRIP = NO;
				DEBUG_INFORMATION_FORMAT = dwarf;
				DEVELOPMENT_TEAM = U7L34RT4W5;
				ENABLE_STRICT_OBJC_MSGSEND = YES;
				ENABLE_TESTABILITY = YES;
				ENABLE_USER_SCRIPT_SANDBOXING = YES;
				GCC_C_LANGUAGE_STANDARD = gnu17;
				GCC_DYNAMIC_NO_PIC = NO;
				GCC_NO_COMMON_BLOCKS = YES;
				GCC_OPTIMIZATION_LEVEL = 0;
				GCC_PREPROCESSOR_DEFINITIONS = (
					"DEBUG=1",
					"$(inherited)",
				);
				GCC_WARN_64_TO_32_BIT_CONVERSION = YES;
				GCC_WARN_ABOUT_RETURN_TYPE = YES_ERROR;
				GCC_WARN_UNDECLARED_SELECTOR = YES;
				GCC_WARN_UNINITIALIZED_AUTOS = YES_AGGRESSIVE;
				GCC_WARN_UNUSED_FUNCTION = YES;
				GCC_WARN_UNUSED_VARIABLE = YES;
				IPHONEOS_DEPLOYMENT_TARGET = 18.5;
				LOCALIZATION_PREFERS_STRING_CATALOGS = YES;
				MTL_ENABLE_DEBUG_INFO = INCLUDE_SOURCE;
				MTL_FAST_MATH = YES;
				ONLY_ACTIVE_ARCH = YES;
				SDKROOT = iphoneos;
				SWIFT_ACTIVE_COMPILATION_CONDITIONS = "DEBUG $(inherited)";
				SWIFT_OPTIMIZATION_LEVEL = "-Onone";
			};
			name = Debug;
		};
		F40364302F12FF3500C794DF /* Release */ = {
			isa = XCBuildConfiguration;
			buildSettings = {
				ALWAYS_SEARCH_USER_PATHS = NO;
				ASSETCATALOG_COMPILER_GENERATE_SWIFT_ASSET_SYMBOL_EXTENSIONS = YES;
				CLANG_ANALYZER_NONNULL = YES;
				CLANG_ANALYZER_NUMBER_OBJECT_CONVERSION = YES_AGGRESSIVE;
				CLANG_CXX_LANGUAGE_STANDARD = "gnu++20";
				CLANG_ENABLE_MODULES = YES;
				CLANG_ENABLE_OBJC_ARC = YES;
				CLANG_ENABLE_OBJC_WEAK = YES;
				CLANG_WARN_BLOCK_CAPTURE_AUTORELEASING = YES;
				CLANG_WARN_BOOL_CONVERSION = YES;
				CLANG_WARN_COMMA = YES;
				CLANG_WARN_CONSTANT_CONVERSION = YES;
				CLANG_WARN_DEPRECATED_OBJC_IMPLEMENTATIONS = YES;
				CLANG_WARN_DIRECT_OBJC_ISA_USAGE = YES_ERROR;
				CLANG_WARN_DOCUMENTATION_COMMENTS = YES;
				CLANG_WARN_EMPTY_BODY = YES;
				CLANG_WARN_ENUM_CONVERSION = YES;
				CLANG_WARN_INFINITE_RECURSION = YES;
				CLANG_WARN_INT_CONVERSION = YES;
				CLANG_WARN_NON_LITERAL_NULL_CONVERSION = YES;
				CLANG_WARN_OBJC_IMPLICIT_RETAIN_SELF = YES;
				CLANG_WARN_OBJC_LITERAL_CONVERSION = YES;
				CLANG_WARN_OBJC_ROOT_CLASS = YES_ERROR;
				CLANG_WARN_QUOTED_INCLUDE_IN_FRAMEWORK_HEADER = YES;
				CLANG_WARN_RANGE_LOOP_ANALYSIS = YES;
				CLANG_WARN_STRICT_PROTOTYPES = YES;
				CLANG_WARN_SUSPICIOUS_MOVE = YES;
				CLANG_WARN_UNGUARDED_AVAILABILITY = YES_AGGRESSIVE;
				CLANG_WARN_UNREACHABLE_CODE = YES;
				CLANG_WARN__DUPLICATE_METHOD_MATCH = YES;
				COPY_PHASE_STRIP = NO;
				DEBUG_INFORMATION_FORMAT = "dwarf-with-dsym";
				DEVELOPMENT_TEAM = U7L34RT4W5;
				ENABLE_NS_ASSERTIONS = NO;
				ENABLE_STRICT_OBJC_MSGSEND = YES;
				ENABLE_USER_SCRIPT_SANDBOXING = YES;
				GCC_C_LANGUAGE_STANDARD = gnu17;
				GCC_NO_COMMON_BLOCKS = YES;
				GCC_WARN_64_TO_32_BIT_CONVERSION = YES;
				GCC_WARN_ABOUT_RETURN_TYPE = YES_ERROR;
				GCC_WARN_UNDECLARED_SELECTOR = YES;
				GCC_WARN_UNINITIALIZED_AUTOS = YES_AGGRESSIVE;
				GCC_WARN_UNUSED_FUNCTION = YES;
				GCC_WARN_UNUSED_VARIABLE = YES;
				IPHONEOS_DEPLOYMENT_TARGET = 18.5;
				LOCALIZATION_PREFERS_STRING_CATALOGS = YES;
				MTL_ENABLE_DEBUG_INFO = NO;
				MTL_FAST_MATH = YES;
				SDKROOT = iphoneos;
				SWIFT_COMPILATION_MODE = wholemodule;
				VALIDATE_PRODUCT = YES;
			};
			name = Release;
		};
		F40364322F12FF3500C794DF /* Debug */ = {
			isa = XCBuildConfiguration;
			buildSettings = {
				ASSETCATALOG_COMPILER_APPICON_NAME = AppIcon;
				ASSETCATALOG_COMPILER_GLOBAL_ACCENT_COLOR_NAME = AccentColor;
				CODE_SIGN_ENTITLEMENTS = fade/fade.entitlements;
				CODE_SIGN_STYLE = Automatic;
				CURRENT_PROJECT_VERSION = 1;
				DEVELOPMENT_TEAM = U7L34RT4W5;
				ENABLE_PREVIEWS = YES;
				GENERATE_INFOPLIST_FILE = YES;
				INFOPLIST_KEY_CFBundleDisplayName = fade;
				INFOPLIST_KEY_LSApplicationCategoryType = "public.app-category.productivity";
				INFOPLIST_KEY_UIAppFonts = "IBMPlexMono-Medium.ttf Joshfont2-Regular.otf";
				INFOPLIST_KEY_UIApplicationSceneManifest_Generation = YES;
				INFOPLIST_KEY_UIApplicationSupportsIndirectInputEvents = YES;
				INFOPLIST_KEY_UILaunchScreen_Generation = YES;
				INFOPLIST_KEY_UISupportedInterfaceOrientations_iPad = "UIInterfaceOrientationPortrait UIInterfaceOrientationPortraitUpsideDown UIInterfaceOrientationLandscapeLeft UIInterfaceOrientationLandscapeRight";
				INFOPLIST_KEY_UISupportedInterfaceOrientations_iPhone = "UIInterfaceOrientationPortrait UIInterfaceOrientationLandscapeLeft UIInterfaceOrientationLandscapeRight";
				LD_RUNPATH_SEARCH_PATHS = (
					"$(inherited)",
					"@executable_path/Frameworks",
				);
				MARKETING_VERSION = 0.1.0;
				PRODUCT_BUNDLE_IDENTIFIER = joshmayer.fade;
				PRODUCT_NAME = "$(TARGET_NAME)";
				SWIFT_EMIT_LOC_STRINGS = YES;
				SWIFT_VERSION = 5.0;
				TARGETED_DEVICE_FAMILY = "1,2";
			};
			name = Debug;
		};
		F40364332F12FF3500C794DF /* Release */ = {
			isa = XCBuildConfiguration;
			buildSettings = {
				ASSETCATALOG_COMPILER_APPICON_NAME = AppIcon;
				ASSETCATALOG_COMPILER_GLOBAL_ACCENT_COLOR_NAME = AccentColor;
				CODE_SIGN_ENTITLEMENTS = fade/fade.entitlements;
				CODE_SIGN_STYLE = Automatic;
				CURRENT_PROJECT_VERSION = 1;
				DEVELOPMENT_TEAM = U7L34RT4W5;
				ENABLE_PREVIEWS = YES;
				GENERATE_INFOPLIST_FILE = YES;
				INFOPLIST_KEY_CFBundleDisplayName = fade;
				INFOPLIST_KEY_LSApplicationCategoryType = "public.app-category.productivity";
				INFOPLIST_KEY_UIAppFonts = "IBMPlexMono-Medium.ttf Joshfont2-Regular.otf";
				INFOPLIST_KEY_UIApplicationSceneManifest_Generation = YES;
				INFOPLIST_KEY_UIApplicationSupportsIndirectInputEvents = YES;
				INFOPLIST_KEY_UILaunchScreen_Generation = YES;
				INFOPLIST_KEY_UISupportedInterfaceOrientations_iPad = "UIInterfaceOrientationPortrait UIInterfaceOrientationPortraitUpsideDown UIInterfaceOrientationLandscapeLeft UIInterfaceOrientationLandscapeRight";
				INFOPLIST_KEY_UISupportedInterfaceOrientations_iPhone = "UIInterfaceOrientationPortrait UIInterfaceOrientationLandscapeLeft UIInterfaceOrientationLandscapeRight";
				LD_RUNPATH_SEARCH_PATHS = (
					"$(inherited)",
					"@executable_path/Frameworks",
				);
				MARKETING_VERSION = 0.1.0;
				PRODUCT_BUNDLE_IDENTIFIER = joshmayer.fade;
				PRODUCT_NAME = "$(TARGET_NAME)";
				SWIFT_EMIT_LOC_STRINGS = YES;
				SWIFT_VERSION = 5.0;
				TARGETED_DEVICE_FAMILY = "1,2";
			};
			name = Release;
		};
		F40364352F12FF3500C794DF /* Debug */ = {
			isa = XCBuildConfiguration;
			buildSettings = {
				BUNDLE_LOADER = "$(TEST_HOST)";
				CODE_SIGN_STYLE = Automatic;
				CURRENT_PROJECT_VERSION = 1;
				DEVELOPMENT_TEAM = U7L34RT4W5;
				GENERATE_INFOPLIST_FILE = YES;
				IPHONEOS_DEPLOYMENT_TARGET = 18.5;
				MARKETING_VERSION = 1.0;
				PRODUCT_BUNDLE_IDENTIFIER = joshmayer.fadeTests;
				PRODUCT_NAME = "$(TARGET_NAME)";
				SWIFT_EMIT_LOC_STRINGS = NO;
				SWIFT_VERSION = 5.0;
				TARGETED_DEVICE_FAMILY = "1,2";
				TEST_HOST = "$(BUILT_PRODUCTS_DIR)/fade.app/$(BUNDLE_EXECUTABLE_FOLDER_PATH)/fade";
			};
			name = Debug;
		};
		F40364362F12FF3500C794DF /* Release */ = {
			isa = XCBuildConfiguration;
			buildSettings = {
				BUNDLE_LOADER = "$(TEST_HOST)";
				CODE_SIGN_STYLE = Automatic;
				CURRENT_PROJECT_VERSION = 1;
				DEVELOPMENT_TEAM = U7L34RT4W5;
				GENERATE_INFOPLIST_FILE = YES;
				IPHONEOS_DEPLOYMENT_TARGET = 18.5;
				MARKETING_VERSION = 1.0;
				PRODUCT_BUNDLE_IDENTIFIER = joshmayer.fadeTests;
				PRODUCT_NAME = "$(TARGET_NAME)";
				SWIFT_EMIT_LOC_STRINGS = NO;
				SWIFT_VERSION = 5.0;
				TARGETED_DEVICE_FAMILY = "1,2";
				TEST_HOST = "$(BUILT_PRODUCTS_DIR)/fade.app/$(BUNDLE_EXECUTABLE_FOLDER_PATH)/fade";
			};
			name = Release;
		};
		F40364382F12FF3500C794DF /* Debug */ = {
			isa = XCBuildConfiguration;
			buildSettings = {
				CODE_SIGN_STYLE = Automatic;
				CURRENT_PROJECT_VERSION = 1;
				DEVELOPMENT_TEAM = U7L34RT4W5;
				GENERATE_INFOPLIST_FILE = YES;
				MARKETING_VERSION = 1.0;
				PRODUCT_BUNDLE_IDENTIFIER = joshmayer.fadeUITests;
				PRODUCT_NAME = "$(TARGET_NAME)";
				SWIFT_EMIT_LOC_STRINGS = NO;
				SWIFT_VERSION = 5.0;
				TARGETED_DEVICE_FAMILY = "1,2";
				TEST_TARGET_NAME = fade;
			};
			name = Debug;
		};
		F40364392F12FF3500C794DF /* Release */ = {
			isa = XCBuildConfiguration;
			buildSettings = {
				CODE_SIGN_STYLE = Automatic;
				CURRENT_PROJECT_VERSION = 1;
				DEVELOPMENT_TEAM = U7L34RT4W5;
				GENERATE_INFOPLIST_FILE = YES;
				MARKETING_VERSION = 1.0;
				PRODUCT_BUNDLE_IDENTIFIER = joshmayer.fadeUITests;
				PRODUCT_NAME = "$(TARGET_NAME)";
				SWIFT_EMIT_LOC_STRINGS = NO;
				SWIFT_VERSION = 5.0;
				TARGETED_DEVICE_FAMILY = "1,2";
				TEST_TARGET_NAME = fade;
			};
			name = Release;
		};
/* End XCBuildConfiguration section */

/* Begin XCConfigurationList section */
		F403640B2F12FF3300C794DF /* Build configuration list for PBXProject "fade" */ = {
			isa = XCConfigurationList;
			buildConfigurations = (
				F403642F2F12FF3500C794DF /* Debug */,
				F40364302F12FF3500C794DF /* Release */,
			);
			defaultConfigurationIsVisible = 0;
			defaultConfigurationName = Release;
		};
		F40364312F12FF3500C794DF /* Build configuration list for PBXNativeTarget "fade" */ = {
			isa = XCConfigurationList;
			buildConfigurations = (
				F40364322F12FF3500C794DF /* Debug */,
				F40364332F12FF3500C794DF /* Release */,
			);
			defaultConfigurationIsVisible = 0;
			defaultConfigurationName = Release;
		};
		F40364342F12FF3500C794DF /* Build configuration list for PBXNativeTarget "fadeTests" */ = {
			isa = XCConfigurationList;
			buildConfigurations = (
				F40364352F12FF3500C794DF /* Debug */,
				F40364362F12FF3500C794DF /* Release */,
			);
			defaultConfigurationIsVisible = 0;
			defaultConfigurationName = Release;
		};
		F40364372F12FF3500C794DF /* Build configuration list for PBXNativeTarget "fadeUITests" */ = {
			isa = XCConfigurationList;
			buildConfigurations = (
				F40364382F12FF3500C794DF /* Debug */,
				F40364392F12FF3500C794DF /* Release */,
			);
			defaultConfigurationIsVisible = 0;
			defaultConfigurationName = Release;
		};
/* End XCConfigurationList section */
	};
	rootObject = F40364082F12FF3300C794DF /* Project object */;
}
